
Microsoft Visual Studio Solution File, Format Version 12.00
# Visual Studio 2012
Project("{FAE04EC0-301F-11D3-BF4B-00C04F79EFBC}") = "3nPlus1Problem", "3nPlus1Problem\3nPlus1Problem.csproj", "{2F7897D5-9FA3-444A-9933-61F3F70F854C}"
EndProject
Project("{FAE04EC0-301F-11D3-BF4B-00C04F79EFBC}") = "AlgClass", "MergeSort\AlgClass.csproj", "{372CE390-93E0-4182-89FA-FBD11766793F}"
EndProject
Project("{FAE04EC0-301F-11D3-BF4B-00C04F79EFBC}") = "TestCommon", "TestCommon\TestCommon.csproj", "{E8D218C3-FEB8-49D1-BB78-8B31F95D8F2A}"
EndProject
Project("{FAE04EC0-301F-11D3-BF4B-00C04F79EFBC}") = "InversionCounter", "InversionCounter\InversionCounter.csproj", "{F2E2EDCB-ADE3-4B9E-BF4F-07E4A613B750}"
EndProject
Project("{FAE04EC0-301F-11D3-BF4B-00C04F79EFBC}") = "MinCutConsole", "MinCutConsole\MinCutConsole.csproj", "{008EA26E-6BB9-42CA-B3B8-294163A2D4C6}"
EndProject
Project("{FAE04EC0-301F-11D3-BF4B-00C04F79EFBC}") = "SCCConsole", "SCCConsole\SCCConsole.csproj", "{FC87DF97-AFD6-4D02-BF65-96816FF55A9A}"
EndProject
Project("{FAE04EC0-301F-11D3-BF4B-00C04F79EFBC}") = "AlgClass.Graphs", "AlgClass.Graphs\AlgClass.Graphs.csproj", "{0AD5EA00-5D3B-407A-B848-42C153E93770}"
EndProject
Project("{FAE04EC0-301F-11D3-BF4B-00C04F79EFBC}") = "MinPathConsole", "MinPathConsole\MinPathConsole.csproj", "{55B008B3-A7B9-4583-B747-79F3FE5CD37D}"
EndProject
Global
	GlobalSection(SolutionConfigurationPlatforms) = preSolution
		Debug|Any CPU = Debug|Any CPU
		Release|Any CPU = Release|Any CPU
	EndGlobalSection
	GlobalSection(ProjectConfigurationPlatforms) = postSolution
		{2F7897D5-9FA3-444A-9933-61F3F70F854C}.Debug|Any CPU.ActiveCfg = Debug|Any CPU
		{2F7897D5-9FA3-444A-9933-61F3F70F854C}.Debug|Any CPU.Build.0 = Debug|Any CPU
		{2F7897D5-9FA3-444A-9933-61F3F70F854C}.Release|Any CPU.ActiveCfg = Release|Any CPU
		{2F7897D5-9FA3-444A-9933-61F3F70F854C}.Release|Any CPU.Build.0 = Release|Any CPU
		{372CE390-93E0-4182-89FA-FBD11766793F}.Debug|Any CPU.ActiveCfg = Debug|Any CPU
		{372CE390-93E0-4182-89FA-FBD11766793F}.Debug|Any CPU.Build.0 = Debug|Any CPU
		{372CE390-93E0-4182-89FA-FBD11766793F}.Release|Any CPU.ActiveCfg = Release|Any CPU
		{372CE390-93E0-4182-89FA-FBD11766793F}.Release|Any CPU.Build.0 = Release|Any CPU
		{E8D218C3-FEB8-49D1-BB78-8B31F95D8F2A}.Debug|Any CPU.ActiveCfg = Debug|Any CPU
		{E8D218C3-FEB8-49D1-BB78-8B31F95D8F2A}.Debug|Any CPU.Build.0 = Debug|Any CPU
		{E8D218C3-FEB8-49D1-BB78-8B31F95D8F2A}.Release|Any CPU.ActiveCfg = Release|Any CPU
		{E8D218C3-FEB8-49D1-BB78-8B31F95D8F2A}.Release|Any CPU.Build.0 = Release|Any CPU
		{F2E2EDCB-ADE3-4B9E-BF4F-07E4A613B750}.Debug|Any CPU.ActiveCfg = Debug|Any CPU
		{F2E2EDCB-ADE3-4B9E-BF4F-07E4A613B750}.Debug|Any CPU.Build.0 = Debug|Any CPU
		{F2E2EDCB-ADE3-4B9E-BF4F-07E4A613B750}.Release|Any CPU.ActiveCfg = Release|Any CPU
		{F2E2EDCB-ADE3-4B9E-BF4F-07E4A613B750}.Release|Any CPU.Build.0 = Release|Any CPU
		{008EA26E-6BB9-42CA-B3B8-294163A2D4C6}.Debug|Any CPU.ActiveCfg = Debug|Any CPU
		{008EA26E-6BB9-42CA-B3B8-294163A2D4C6}.Debug|Any CPU.Build.0 = Debug|Any CPU
		{008EA26E-6BB9-42CA-B3B8-294163A2D4C6}.Release|Any CPU.ActiveCfg = Release|Any CPU
		{008EA26E-6BB9-42CA-B3B8-294163A2D4C6}.Release|Any CPU.Build.0 = Release|Any CPU
		{FC87DF97-AFD6-4D02-BF65-96816FF55A9A}.Debug|Any CPU.ActiveCfg = Debug|Any CPU
		{FC87DF97-AFD6-4D02-BF65-96816FF55A9A}.Debug|Any CPU.Build.0 = Debug|Any CPU
		{FC87DF97-AFD6-4D02-BF65-96816FF55A9A}.Release|Any CPU.ActiveCfg = Release|Any CPU
		{FC87DF97-AFD6-4D02-BF65-96816FF55A9A}.Release|Any CPU.Build.0 = Release|Any CPU
		{0AD5EA00-5D3B-407A-B848-42C153E93770}.Debug|Any CPU.ActiveCfg = Debug|Any CPU
		{0AD5EA00-5D3B-407A-B848-42C153E93770}.Debug|Any CPU.Build.0 = Debug|Any CPU
		{0AD5EA00-5D3B-407A-B848-42C153E93770}.Release|Any CPU.ActiveCfg = Release|Any CPU
		{0AD5EA00-5D3B-407A-B848-42C153E93770}.Release|Any CPU.Build.0 = Release|Any CPU
		{55B008B3-A7B9-4583-B747-79F3FE5CD37D}.Debug|Any CPU.ActiveCfg = Debug|Any CPU
		{55B008B3-A7B9-4583-B747-79F3FE5CD37D}.Debug|Any CPU.Build.0 = Debug|Any CPU
		{55B008B3-A7B9-4583-B747-79F3FE5CD37D}.Release|Any CPU.ActiveCfg = Release|Any CPU
		{55B008B3-A7B9-4583-B747-79F3FE5CD37D}.Release|Any CPU.Build.0 = Release|Any CPU
	EndGlobalSection
	GlobalSection(SolutionProperties) = preSolution
		HideSolutionNode = FALSE
	EndGlobalSection
	GlobalSection(Performance) = preSolution
		HasPerformanceSessions = true
	EndGlobalSection
EndGlobal
